
Microsoft Visual Studio Solution File, Format Version 12.00
# Visual Studio 15
VisualStudioVersion = 15.0.28307.271
MinimumVisualStudioVersion = 10.0.40219.1
Project("{FAE04EC0-301F-11D3-BF4B-00C04F79EFBC}") = "TeamCity", "TeamCity\TeamCity.csproj", "{444CC4F2-FE82-496B-B6B4-8E3467F6480B}"
EndProject
Global
	GlobalSection(SolutionConfigurationPlatforms) = preSolution
		Debug|Any CPU = Debug|Any CPU
		Release|Any CPU = Release|Any CPU
	EndGlobalSection
	GlobalSection(ProjectConfigurationPlatforms) = postSolution
		{444CC4F2-FE82-496B-B6B4-8E3467F6480B}.Debug|Any CPU.ActiveCfg = Debug|Any CPU
		{444CC4F2-FE82-496B-B6B4-8E3467F6480B}.Debug|Any CPU.Build.0 = Debug|Any CPU
		{444CC4F2-FE82-496B-B6B4-8E3467F6480B}.Release|Any CPU.ActiveCfg = Release|Any CPU
		{444CC4F2-FE82-496B-B6B4-8E3467F6480B}.Release|Any CPU.Build.0 = Release|Any CPU
	EndGlobalSection
	GlobalSection(SolutionProperties) = preSolution
		HideSolutionNode = FALSE
	EndGlobalSection
	GlobalSection(ExtensibilityGlobals) = postSolution
		SolutionGuid = {F45D6078-8336-4E39-94BF-92A715EE5399}
	EndGlobalSection
EndGlobal
